github.com/ninjapiraatti/gotools v0.0.0-20210828170546-f76b7d4854f1 h1:LSlRJzqy5qf9wyUNF4uSmlbz9GVMuaYzkCmmI50P3e4=
github.com/ninjapiraatti/gotools v0.0.0-20210828170546-f76b7d4854f1/go.mod h1:CQtBhKutQj2HSrDwZN3gkN/Kq29A7ep1GG1SRBO6Nfk=
github.com/ninjapiraatti/gotools v0.0.0-20210828180345-f22ea5f7ac32 h1:NoDchMQQIFo5dthDwY1c8/TtjaJfkN0VApLE2w9KngI=
github.com/ninjapiraatti/gotools v0.0.0-20210828180345-f22ea5f7ac32/go.mod h1:Icn4s/qQi5d1GV819Dzvb/Z0wd/gwv829fN+duW54AE=
